
Microsoft Visual Studio Solution File, Format Version 12.00
# Visual Studio 15
VisualStudioVersion = 15.0.28307.168
MinimumVisualStudioVersion = 10.0.40219.1
Project("{9A19103F-16F7-4668-BE54-9A1E7A4F7556}") = "DBassignment2", "DBassignment2\DBassignment2.csproj", "{2025EE22-452B-4B10-9164-C3CD58504E98}"
EndProject
Project("{9A19103F-16F7-4668-BE54-9A1E7A4F7556}") = "ConversionCalculatorBLTests", "NunitTest\ConversionCalculatorBLTests.csproj", "{06E7AC55-20EC-40AB-BF22-EBDF6D97C772}"
EndProject
Project("{FAE04EC0-301F-11D3-BF4B-00C04F79EFBC}") = "ConversionCalculatorBL", "classLibrary\ConversionCalculatorBL.csproj", "{BFF6AB54-8828-4CF4-A604-4DA73930BCD3}"
EndProject
Global
	GlobalSection(SolutionConfigurationPlatforms) = preSolution
		Debug|Any CPU = Debug|Any CPU
		Release|Any CPU = Release|Any CPU
	EndGlobalSection
	GlobalSection(ProjectConfigurationPlatforms) = postSolution
		{2025EE22-452B-4B10-9164-C3CD58504E98}.Debug|Any CPU.ActiveCfg = Debug|Any CPU
		{2025EE22-452B-4B10-9164-C3CD58504E98}.Debug|Any CPU.Build.0 = Debug|Any CPU
		{2025EE22-452B-4B10-9164-C3CD58504E98}.Release|Any CPU.ActiveCfg = Release|Any CPU
		{2025EE22-452B-4B10-9164-C3CD58504E98}.Release|Any CPU.Build.0 = Release|Any CPU
		{06E7AC55-20EC-40AB-BF22-EBDF6D97C772}.Debug|Any CPU.ActiveCfg = Debug|Any CPU
		{06E7AC55-20EC-40AB-BF22-EBDF6D97C772}.Debug|Any CPU.Build.0 = Debug|Any CPU
		{06E7AC55-20EC-40AB-BF22-EBDF6D97C772}.Release|Any CPU.ActiveCfg = Release|Any CPU
		{06E7AC55-20EC-40AB-BF22-EBDF6D97C772}.Release|Any CPU.Build.0 = Release|Any CPU
		{BFF6AB54-8828-4CF4-A604-4DA73930BCD3}.Debug|Any CPU.ActiveCfg = Debug|Any CPU
		{BFF6AB54-8828-4CF4-A604-4DA73930BCD3}.Debug|Any CPU.Build.0 = Debug|Any CPU
		{BFF6AB54-8828-4CF4-A604-4DA73930BCD3}.Release|Any CPU.ActiveCfg = Release|Any CPU
		{BFF6AB54-8828-4CF4-A604-4DA73930BCD3}.Release|Any CPU.Build.0 = Release|Any CPU
	EndGlobalSection
	GlobalSection(SolutionProperties) = preSolution
		HideSolutionNode = FALSE
	EndGlobalSection
	GlobalSection(ExtensibilityGlobals) = postSolution
		SolutionGuid = {779A4302-3763-4157-AED3-A852DB2DADB5}
	EndGlobalSection
EndGlobal
